
Microsoft Visual Studio Solution File, Format Version 12.00
# Visual Studio Version 17
VisualStudioVersion = 17.4.33205.214
MinimumVisualStudioVersion = 10.0.40219.1
Project("{9A19103F-16F7-4668-BE54-9A1E7A4F7556}") = "Authing.CSharp.SDK", "Authing.CSharp.SDK\Authing.CSharp.SDK.csproj", "{3479DEFA-5D22-4C65-8ECE-9B9D17A33031}"
EndProject
Project("{9A19103F-16F7-4668-BE54-9A1E7A4F7556}") = "Authing.CSharp.SDK.Framework.Test", "Authing.CSharp.SDK.Framework.Test\Authing.CSharp.SDK.Framework.Test.csproj", "{1D105CE9-DBD6-4025-80F3-4ECF325B5BDE}"
EndProject
Project("{FAE04EC0-301F-11D3-BF4B-00C04F79EFBC}") = "ConsoleApp1", "ConsoleApp1\ConsoleApp1.csproj", "{9EAB0E8C-6611-4780-A6E4-2AA75358B2A2}"
EndProject
Global
	GlobalSection(SolutionConfigurationPlatforms) = preSolution
		Debug|Any CPU = Debug|Any CPU
		Release|Any CPU = Release|Any CPU
	EndGlobalSection
	GlobalSection(ProjectConfigurationPlatforms) = postSolution
		{3479DEFA-5D22-4C65-8ECE-9B9D17A33031}.Debug|Any CPU.ActiveCfg = Debug|Any CPU
		{3479DEFA-5D22-4C65-8ECE-9B9D17A33031}.Debug|Any CPU.Build.0 = Debug|Any CPU
		{3479DEFA-5D22-4C65-8ECE-9B9D17A33031}.Release|Any CPU.ActiveCfg = Release|Any CPU
		{3479DEFA-5D22-4C65-8ECE-9B9D17A33031}.Release|Any CPU.Build.0 = Release|Any CPU
		{1D105CE9-DBD6-4025-80F3-4ECF325B5BDE}.Debug|Any CPU.ActiveCfg = Debug|Any CPU
		{1D105CE9-DBD6-4025-80F3-4ECF325B5BDE}.Debug|Any CPU.Build.0 = Debug|Any CPU
		{1D105CE9-DBD6-4025-80F3-4ECF325B5BDE}.Release|Any CPU.ActiveCfg = Release|Any CPU
		{1D105CE9-DBD6-4025-80F3-4ECF325B5BDE}.Release|Any CPU.Build.0 = Release|Any CPU
		{9EAB0E8C-6611-4780-A6E4-2AA75358B2A2}.Debug|Any CPU.ActiveCfg = Debug|Any CPU
		{9EAB0E8C-6611-4780-A6E4-2AA75358B2A2}.Debug|Any CPU.Build.0 = Debug|Any CPU
		{9EAB0E8C-6611-4780-A6E4-2AA75358B2A2}.Release|Any CPU.ActiveCfg = Release|Any CPU
		{9EAB0E8C-6611-4780-A6E4-2AA75358B2A2}.Release|Any CPU.Build.0 = Release|Any CPU
	EndGlobalSection
	GlobalSection(SolutionProperties) = preSolution
		HideSolutionNode = FALSE
	EndGlobalSection
	GlobalSection(ExtensibilityGlobals) = postSolution
		SolutionGuid = {8D277B10-AC73-45F0-B053-33370504CF97}
	EndGlobalSection
EndGlobal
